
Microsoft Visual Studio Solution File, Format Version 12.00
# Visual Studio Version 16
VisualStudioVersion = 16.0.30717.126
MinimumVisualStudioVersion = 10.0.40219.1
Project("{9A19103F-16F7-4668-BE54-9A1E7A4F7556}") = "GitMergeTraining", "GitMergeTraining\GitMergeTraining.csproj", "{AA651C5B-B395-4382-BB95-113D7E0813E7}"
EndProject
Global
	GlobalSection(SolutionConfigurationPlatforms) = preSolution
		Debug|Any CPU = Debug|Any CPU
		Release|Any CPU = Release|Any CPU
	EndGlobalSection
	GlobalSection(ProjectConfigurationPlatforms) = postSolution
		{AA651C5B-B395-4382-BB95-113D7E0813E7}.Debug|Any CPU.ActiveCfg = Debug|Any CPU
		{AA651C5B-B395-4382-BB95-113D7E0813E7}.Debug|Any CPU.Build.0 = Debug|Any CPU
		{AA651C5B-B395-4382-BB95-113D7E0813E7}.Release|Any CPU.ActiveCfg = Release|Any CPU
		{AA651C5B-B395-4382-BB95-113D7E0813E7}.Release|Any CPU.Build.0 = Release|Any CPU
	EndGlobalSection
	GlobalSection(SolutionProperties) = preSolution
		HideSolutionNode = FALSE
	EndGlobalSection
	GlobalSection(ExtensibilityGlobals) = postSolution
		SolutionGuid = {BDCB84F2-9F7E-4848-BBDC-061906763A81}
	EndGlobalSection
EndGlobal
